
Microsoft Visual Studio Solution File, Format Version 12.00
# Visual Studio Version 16
VisualStudioVersion = 16.0.31321.278
MinimumVisualStudioVersion = 10.0.40219.1
Project("{FAE04EC0-301F-11D3-BF4B-00C04F79EFBC}") = "Quiz", "Quiz\Quiz.csproj", "{6664F1D8-87EA-4C7B-9E78-1D7F7BFEA06F}"
EndProject
Global
	GlobalSection(SolutionConfigurationPlatforms) = preSolution
		Debug|Any CPU = Debug|Any CPU
		Release|Any CPU = Release|Any CPU
	EndGlobalSection
	GlobalSection(ProjectConfigurationPlatforms) = postSolution
		{6664F1D8-87EA-4C7B-9E78-1D7F7BFEA06F}.Debug|Any CPU.ActiveCfg = Debug|Any CPU
		{6664F1D8-87EA-4C7B-9E78-1D7F7BFEA06F}.Debug|Any CPU.Build.0 = Debug|Any CPU
		{6664F1D8-87EA-4C7B-9E78-1D7F7BFEA06F}.Release|Any CPU.ActiveCfg = Release|Any CPU
		{6664F1D8-87EA-4C7B-9E78-1D7F7BFEA06F}.Release|Any CPU.Build.0 = Release|Any CPU
	EndGlobalSection
	GlobalSection(SolutionProperties) = preSolution
		HideSolutionNode = FALSE
	EndGlobalSection
	GlobalSection(ExtensibilityGlobals) = postSolution
		SolutionGuid = {C2391F1D-5AAD-4FFB-9CFB-71EA517CCDBB}
	EndGlobalSection
EndGlobal
